{
  "name": "aspect",
  "version": "1.0.0",
  "lockfileVersion": 1,
  "requires": true,
  "dependencies": {
    "debug": {
      "version": "1.0.5",
      "resolved": "https://registry.npmjs.org/debug/-/debug-1.0.5.tgz",
      "integrity": "sha1-9yQSF0MPmd7EwrRz6rkiKOh0wqw=",
      "requires": {
        "ms": "2.0.0"
      }
    },
    "final-fs": {
      "version": "1.6.1",
      "resolved": "https://registry.npmjs.org/final-fs/-/final-fs-1.6.1.tgz",
      "integrity": "sha1-1tzZLvb+T+jAer1WjHE1YQ7eMjY=",
      "requires": {
        "node-fs": "~0.1.5",
        "when": "~2.0.1"
      },
      "dependencies": {
        "when": {
          "version": "2.0.1",
          "resolved": "https://registry.npmjs.org/when/-/when-2.0.1.tgz",
          "integrity": "sha1-jYcv4V5oQkyRtLck6EjggH2rZkI="
        }
      }
    },
    "limby-resize": {
      "version": "0.0.8",
      "resolved": "https://registry.npmjs.org/limby-resize/-/limby-resize-0.0.8.tgz",
      "integrity": "sha1-Bk/clUc5hoO8D3RtGUylPdEWjfQ=",
      "requires": {
        "debug": "^1.0.4",
        "final-fs": "^1.6.0",
        "underscore": "^1.6.0",
        "when": "^3.4.2"
      }
    },
    "ms": {
      "version": "2.0.0",
      "resolved": "https://registry.npmjs.org/ms/-/ms-2.0.0.tgz",
      "integrity": "sha1-VgiurfwAvmwpAd9fmGF4jeDVl8g="
    },
    "node-fs": {
      "version": "0.1.7",
      "resolved": "https://registry.npmjs.org/node-fs/-/node-fs-0.1.7.tgz",
      "integrity": "sha1-MjI8zLRsn78PwRgS1FAhzDHTJbs="
    },
    "underscore": {
      "version": "1.12.0",
      "resolved": "https://registry.npmjs.org/underscore/-/underscore-1.12.0.tgz",
      "integrity": "sha512-21rQzss/XPMjolTiIezSu3JAjgagXKROtNrYFEOWK109qY1Uv2tVjPTZ1ci2HgvQDA16gHYSthQIJfB+XId/rQ=="
    },
    "when": {
      "version": "3.7.8",
      "resolved": "https://registry.npmjs.org/when/-/when-3.7.8.tgz",
      "integrity": "sha1-xxMLan6gRpPoQs3J56Hyqjmjn4I="
    }
  }
}
